
Microsoft Visual Studio Solution File, Format Version 12.00
# Visual Studio Version 16
VisualStudioVersion = 16.0.31624.102
MinimumVisualStudioVersion = 10.0.40219.1
Project("{F184B08F-C81C-45F6-A57F-5ABD9991F28F}") = "IMC", "IMC\IMC.vbproj", "{A90F2C81-F337-413D-B905-016FAC5FC12D}"
EndProject
Global
	GlobalSection(SolutionConfigurationPlatforms) = preSolution
		Debug|Any CPU = Debug|Any CPU
		Release|Any CPU = Release|Any CPU
	EndGlobalSection
	GlobalSection(ProjectConfigurationPlatforms) = postSolution
		{A90F2C81-F337-413D-B905-016FAC5FC12D}.Debug|Any CPU.ActiveCfg = Debug|Any CPU
		{A90F2C81-F337-413D-B905-016FAC5FC12D}.Debug|Any CPU.Build.0 = Debug|Any CPU
		{A90F2C81-F337-413D-B905-016FAC5FC12D}.Release|Any CPU.ActiveCfg = Release|Any CPU
		{A90F2C81-F337-413D-B905-016FAC5FC12D}.Release|Any CPU.Build.0 = Release|Any CPU
	EndGlobalSection
	GlobalSection(SolutionProperties) = preSolution
		HideSolutionNode = FALSE
	EndGlobalSection
	GlobalSection(ExtensibilityGlobals) = postSolution
		SolutionGuid = {242C5A5D-ECD5-4CED-87DD-F2DC05A047B1}
	EndGlobalSection
EndGlobal
